
Microsoft Visual Studio Solution File, Format Version 12.00
# Visual Studio Version 16
VisualStudioVersion = 16.0.30114.105
MinimumVisualStudioVersion = 10.0.40219.1
Project("{FAE04EC0-301F-11D3-BF4B-00C04F79EFBC}") = "texttext", "texttext\texttext.csproj", "{0A75F655-1FDA-4F6B-9830-C05836F5A780}"
EndProject
Global
	GlobalSection(SolutionConfigurationPlatforms) = preSolution
		Debug|Any CPU = Debug|Any CPU
		Release|Any CPU = Release|Any CPU
	EndGlobalSection
	GlobalSection(ProjectConfigurationPlatforms) = postSolution
		{0A75F655-1FDA-4F6B-9830-C05836F5A780}.Debug|Any CPU.ActiveCfg = Debug|Any CPU
		{0A75F655-1FDA-4F6B-9830-C05836F5A780}.Debug|Any CPU.Build.0 = Debug|Any CPU
		{0A75F655-1FDA-4F6B-9830-C05836F5A780}.Release|Any CPU.ActiveCfg = Release|Any CPU
		{0A75F655-1FDA-4F6B-9830-C05836F5A780}.Release|Any CPU.Build.0 = Release|Any CPU
	EndGlobalSection
	GlobalSection(SolutionProperties) = preSolution
		HideSolutionNode = FALSE
	EndGlobalSection
	GlobalSection(ExtensibilityGlobals) = postSolution
		SolutionGuid = {620D907A-6660-4F2B-AEF2-61EC6CD63564}
	EndGlobalSection
EndGlobal
